
Microsoft Visual Studio Solution File, Format Version 12.00
# Visual Studio 15
VisualStudioVersion = 15.0.28307.329
MinimumVisualStudioVersion = 10.0.40219.1
Project("{FAE04EC0-301F-11D3-BF4B-00C04F79EFBC}") = "TaxiFarePrediction", "TaxiFarePrediction\TaxiFarePrediction.csproj", "{02600091-C240-4F9E-A5BB-5CCA820F0189}"
EndProject
Global
	GlobalSection(SolutionConfigurationPlatforms) = preSolution
		Debug|Any CPU = Debug|Any CPU
		Release|Any CPU = Release|Any CPU
	EndGlobalSection
	GlobalSection(ProjectConfigurationPlatforms) = postSolution
		{02600091-C240-4F9E-A5BB-5CCA820F0189}.Debug|Any CPU.ActiveCfg = Debug|Any CPU
		{02600091-C240-4F9E-A5BB-5CCA820F0189}.Debug|Any CPU.Build.0 = Debug|Any CPU
		{02600091-C240-4F9E-A5BB-5CCA820F0189}.Release|Any CPU.ActiveCfg = Release|Any CPU
		{02600091-C240-4F9E-A5BB-5CCA820F0189}.Release|Any CPU.Build.0 = Release|Any CPU
	EndGlobalSection
	GlobalSection(SolutionProperties) = preSolution
		HideSolutionNode = FALSE
	EndGlobalSection
	GlobalSection(ExtensibilityGlobals) = postSolution
		SolutionGuid = {173F1658-5343-46F3-B001-FA5E4A272AD7}
	EndGlobalSection
EndGlobal
